
Microsoft Visual Studio Solution File, Format Version 12.00
# Visual Studio Version 16
VisualStudioVersion = 16.0.29306.81
MinimumVisualStudioVersion = 10.0.40219.1
Project("{FAE04EC0-301F-11D3-BF4B-00C04F79EFBC}") = "AbstractFactoryPattern", "AbstractFactoryPattern\AbstractFactoryPattern.csproj", "{EEBF9E17-A35E-49C2-9599-7F934A751FE8}"
EndProject
Project("{FAE04EC0-301F-11D3-BF4B-00C04F79EFBC}") = "ClothingTests", "ClothingTests\ClothingTests.csproj", "{3E5DCEC8-8FF1-41A3-BC3F-7FF0B72E9086}"
EndProject
Global
	GlobalSection(SolutionConfigurationPlatforms) = preSolution
		Debug|Any CPU = Debug|Any CPU
		Release|Any CPU = Release|Any CPU
	EndGlobalSection
	GlobalSection(ProjectConfigurationPlatforms) = postSolution
		{EEBF9E17-A35E-49C2-9599-7F934A751FE8}.Debug|Any CPU.ActiveCfg = Debug|Any CPU
		{EEBF9E17-A35E-49C2-9599-7F934A751FE8}.Debug|Any CPU.Build.0 = Debug|Any CPU
		{EEBF9E17-A35E-49C2-9599-7F934A751FE8}.Release|Any CPU.ActiveCfg = Release|Any CPU
		{EEBF9E17-A35E-49C2-9599-7F934A751FE8}.Release|Any CPU.Build.0 = Release|Any CPU
		{3E5DCEC8-8FF1-41A3-BC3F-7FF0B72E9086}.Debug|Any CPU.ActiveCfg = Debug|Any CPU
		{3E5DCEC8-8FF1-41A3-BC3F-7FF0B72E9086}.Debug|Any CPU.Build.0 = Debug|Any CPU
		{3E5DCEC8-8FF1-41A3-BC3F-7FF0B72E9086}.Release|Any CPU.ActiveCfg = Release|Any CPU
		{3E5DCEC8-8FF1-41A3-BC3F-7FF0B72E9086}.Release|Any CPU.Build.0 = Release|Any CPU
	EndGlobalSection
	GlobalSection(SolutionProperties) = preSolution
		HideSolutionNode = FALSE
	EndGlobalSection
	GlobalSection(ExtensibilityGlobals) = postSolution
		SolutionGuid = {0E8DFF59-80CC-47A8-B483-2EA609378484}
	EndGlobalSection
EndGlobal
