
Microsoft Visual Studio Solution File, Format Version 12.00
# Visual Studio Version 16
VisualStudioVersion = 16.0.29424.173
MinimumVisualStudioVersion = 10.0.40219.1
Project("{FAE04EC0-301F-11D3-BF4B-00C04F79EFBC}") = "Week1_StrategyPattern", "Week1_StrategyPattern\Week1_StrategyPattern.csproj", "{548E318E-FEE9-41A9-98CE-41492A49B0F3}"
EndProject
Global
	GlobalSection(SolutionConfigurationPlatforms) = preSolution
		Debug|Any CPU = Debug|Any CPU
		Release|Any CPU = Release|Any CPU
	EndGlobalSection
	GlobalSection(ProjectConfigurationPlatforms) = postSolution
		{548E318E-FEE9-41A9-98CE-41492A49B0F3}.Debug|Any CPU.ActiveCfg = Debug|Any CPU
		{548E318E-FEE9-41A9-98CE-41492A49B0F3}.Debug|Any CPU.Build.0 = Debug|Any CPU
		{548E318E-FEE9-41A9-98CE-41492A49B0F3}.Release|Any CPU.ActiveCfg = Release|Any CPU
		{548E318E-FEE9-41A9-98CE-41492A49B0F3}.Release|Any CPU.Build.0 = Release|Any CPU
	EndGlobalSection
	GlobalSection(SolutionProperties) = preSolution
		HideSolutionNode = FALSE
	EndGlobalSection
	GlobalSection(ExtensibilityGlobals) = postSolution
		SolutionGuid = {09A9F43C-3632-448F-8D34-ED773A4A601E}
	EndGlobalSection
EndGlobal
